
Microsoft Visual Studio Solution File, Format Version 12.00
# Visual Studio Version 17
VisualStudioVersion = 17.3.32929.385
MinimumVisualStudioVersion = 10.0.40219.1
Project("{FAE04EC0-301F-11D3-BF4B-00C04F79EFBC}") = "LoopsAssignment", "LoopsAssignment\LoopsAssignment.csproj", "{B179CF02-95F0-456A-8179-6787F300EB0A}"
EndProject
Global
	GlobalSection(SolutionConfigurationPlatforms) = preSolution
		Debug|Any CPU = Debug|Any CPU
		Release|Any CPU = Release|Any CPU
	EndGlobalSection
	GlobalSection(ProjectConfigurationPlatforms) = postSolution
		{B179CF02-95F0-456A-8179-6787F300EB0A}.Debug|Any CPU.ActiveCfg = Debug|Any CPU
		{B179CF02-95F0-456A-8179-6787F300EB0A}.Debug|Any CPU.Build.0 = Debug|Any CPU
		{B179CF02-95F0-456A-8179-6787F300EB0A}.Release|Any CPU.ActiveCfg = Release|Any CPU
		{B179CF02-95F0-456A-8179-6787F300EB0A}.Release|Any CPU.Build.0 = Release|Any CPU
	EndGlobalSection
	GlobalSection(SolutionProperties) = preSolution
		HideSolutionNode = FALSE
	EndGlobalSection
	GlobalSection(ExtensibilityGlobals) = postSolution
		SolutionGuid = {C764A2B8-A335-4481-B4E7-FD0D733A08CD}
	EndGlobalSection
EndGlobal
